// !$*UTF8*$!
{
	archiveVersion = 1;
	classes = {
	};
	objectVersion = 56;
	objects = {

/* Begin PBXBuildFile section */
		0E522FCF2C35AAB60012D453 /* SignInDemoApp.swift in Sources */ = {isa = PBXBuildFile; fileRef = 0E522FCE2C35AAB60012D453 /* SignInDemoApp.swift */; };
		18F6B257AE95AEC7C3FFAF13 /* SignInWebView.swift in Sources */ = {isa = PBXBuildFile; fileRef = 820944B639E51440B033239D /* SignInWebView.swift */; };
		1EFD47ADF1CA0DC5FD887C88 /* TuistBundle+Login.swift in Sources */ = {isa = PBXBuildFile; fileRef = B68B82B89DC5D86855968821 /* TuistBundle+Login.swift */; };
		61A6CFE2724203545C711718 /* TuistAssets+Login.swift in Sources */ = {isa = PBXBuildFile; fileRef = B65D49D85AE6A5AEE8BA4930 /* TuistAssets+Login.swift */; };
		63D3373C04EB0A6E63AFC3BC /* Assets.xcassets in Resources */ = {isa = PBXBuildFile; fileRef = 280835098884ECDBF24D90C1 /* Assets.xcassets */; };
		8289F1C7BED6F345BF25B3BD /* SignInView.swift in Sources */ = {isa = PBXBuildFile; fileRef = AE5D83858313424D04EBD8CD /* SignInView.swift */; };
		C87FE30505DE297A91BDC98B /* HaneCore.framework in Frameworks */ = {isa = PBXBuildFile; fileRef = 6ACF9E51FCF320995762AAFC /* HaneCore.framework */; };
/* End PBXBuildFile section */

/* Begin PBXCopyFilesBuildPhase section */
		603867D9E1CF1F2DD9B777A0 /* Embed Frameworks */ = {
			isa = PBXCopyFilesBuildPhase;
			buildActionMask = 2147483647;
			dstPath = "";
			dstSubfolderSpec = 10;
			files = (
			);
			name = "Embed Frameworks";
			runOnlyForDeploymentPostprocessing = 0;
		};
/* End PBXCopyFilesBuildPhase section */

/* Begin PBXFileReference section */
		0E522FCE2C35AAB60012D453 /* SignInDemoApp.swift */ = {isa = PBXFileReference; lastKnownFileType = sourcecode.swift; path = SignInDemoApp.swift; sourceTree = "<group>"; };
		1F122292170A9B08F370E93A /* Login-Info.plist */ = {isa = PBXFileReference; lastKnownFileType = text.plist; path = "Login-Info.plist"; sourceTree = "<group>"; };
		280835098884ECDBF24D90C1 /* Assets.xcassets */ = {isa = PBXFileReference; lastKnownFileType = folder.assetcatalog; path = Assets.xcassets; sourceTree = "<group>"; };
		28C6E6787DFAF624F53D6F5B /* Login.framework */ = {isa = PBXFileReference; explicitFileType = wrapper.framework; includeInIndex = 0; path = Login.framework; sourceTree = BUILT_PRODUCTS_DIR; };
		6ACF9E51FCF320995762AAFC /* HaneCore.framework */ = {isa = PBXFileReference; explicitFileType = wrapper.framework; includeInIndex = 0; path = HaneCore.framework; sourceTree = BUILT_PRODUCTS_DIR; };
		820944B639E51440B033239D /* SignInWebView.swift */ = {isa = PBXFileReference; lastKnownFileType = sourcecode.swift; path = SignInWebView.swift; sourceTree = "<group>"; };
		AE5D83858313424D04EBD8CD /* SignInView.swift */ = {isa = PBXFileReference; lastKnownFileType = sourcecode.swift; path = SignInView.swift; sourceTree = "<group>"; };
		B65D49D85AE6A5AEE8BA4930 /* TuistAssets+Login.swift */ = {isa = PBXFileReference; lastKnownFileType = sourcecode.swift; path = "TuistAssets+Login.swift"; sourceTree = "<group>"; };
		B68B82B89DC5D86855968821 /* TuistBundle+Login.swift */ = {isa = PBXFileReference; lastKnownFileType = sourcecode.swift; path = "TuistBundle+Login.swift"; sourceTree = "<group>"; };
/* End PBXFileReference section */

/* Begin PBXFrameworksBuildPhase section */
		B5E80A847E8ED564AB08F5FC /* Frameworks */ = {
			isa = PBXFrameworksBuildPhase;
			buildActionMask = 2147483647;
			files = (
				C87FE30505DE297A91BDC98B /* HaneCore.framework in Frameworks */,
			);
			runOnlyForDeploymentPostprocessing = 0;
		};
/* End PBXFrameworksBuildPhase section */

/* Begin PBXGroup section */
		212E49CF4F45A085BC2440DF /* Derived */ = {
			isa = PBXGroup;
			children = (
				47D08CC30AC651152A01B24B /* InfoPlists */,
				C77BD46878E3D6652C5A105F /* Sources */,
			);
			path = Derived;
			sourceTree = "<group>";
		};
		259A342181DA560846419021 /* Resources */ = {
			isa = PBXGroup;
			children = (
				280835098884ECDBF24D90C1 /* Assets.xcassets */,
			);
			path = Resources;
			sourceTree = "<group>";
		};
		275CA20C12D61868FDE00BD5 /* Products */ = {
			isa = PBXGroup;
			children = (
				6ACF9E51FCF320995762AAFC /* HaneCore.framework */,
				28C6E6787DFAF624F53D6F5B /* Login.framework */,
			);
			name = Products;
			sourceTree = "<group>";
		};
		47D08CC30AC651152A01B24B /* InfoPlists */ = {
			isa = PBXGroup;
			children = (
				1F122292170A9B08F370E93A /* Login-Info.plist */,
			);
			path = InfoPlists;
			sourceTree = "<group>";
		};
		82158BAC7310E834F5971A06 /* Sources */ = {
			isa = PBXGroup;
			children = (
				AE5D83858313424D04EBD8CD /* SignInView.swift */,
				820944B639E51440B033239D /* SignInWebView.swift */,
				0E522FCE2C35AAB60012D453 /* SignInDemoApp.swift */,
			);
			path = Sources;
			sourceTree = "<group>";
		};
		A19BD00EC1C84FD92121B04F /* Project */ = {
			isa = PBXGroup;
			children = (
				212E49CF4F45A085BC2440DF /* Derived */,
				259A342181DA560846419021 /* Resources */,
				82158BAC7310E834F5971A06 /* Sources */,
			);
			name = Project;
			sourceTree = "<group>";
		};
		C77BD46878E3D6652C5A105F /* Sources */ = {
			isa = PBXGroup;
			children = (
				B65D49D85AE6A5AEE8BA4930 /* TuistAssets+Login.swift */,
				B68B82B89DC5D86855968821 /* TuistBundle+Login.swift */,
			);
			path = Sources;
			sourceTree = "<group>";
		};
		E31225F45B959E9057547147 = {
			isa = PBXGroup;
			children = (
				A19BD00EC1C84FD92121B04F /* Project */,
				275CA20C12D61868FDE00BD5 /* Products */,
			);
			sourceTree = "<group>";
		};
/* End PBXGroup section */

/* Begin PBXNativeTarget section */
		EF8CE03A2759141C3B1EAC1D /* Login */ = {
			isa = PBXNativeTarget;
			buildConfigurationList = CF7F2616745712F48F4019C8 /* Build configuration list for PBXNativeTarget "Login" */;
			buildPhases = (
				1F104D658BA55E1F80CBE3F9 /* Sources */,
				81085730C3F08654C2EE26BC /* Resources */,
				603867D9E1CF1F2DD9B777A0 /* Embed Frameworks */,
				B5E80A847E8ED564AB08F5FC /* Frameworks */,
			);
			buildRules = (
			);
			dependencies = (
			);
			name = Login;
			productName = Login;
			productReference = 28C6E6787DFAF624F53D6F5B /* Login.framework */;
			productType = "com.apple.product-type.framework";
		};
/* End PBXNativeTarget section */

/* Begin PBXProject section */
		353B4020F35CB9C9FFC126AA /* Project object */ = {
			isa = PBXProject;
			attributes = {
				BuildIndependentTargetsInParallel = YES;
			};
			buildConfigurationList = 6C10079AF94881EFE73379E4 /* Build configuration list for PBXProject "Login" */;
			compatibilityVersion = "Xcode 14.0";
			developmentRegion = en;
			hasScannedForEncodings = 0;
			knownRegions = (
				Base,
				en,
			);
			mainGroup = E31225F45B959E9057547147;
			productRefGroup = 275CA20C12D61868FDE00BD5 /* Products */;
			projectDirPath = "";
			projectRoot = "";
			targets = (
				EF8CE03A2759141C3B1EAC1D /* Login */,
			);
		};
/* End PBXProject section */

/* Begin PBXResourcesBuildPhase section */
		81085730C3F08654C2EE26BC /* Resources */ = {
			isa = PBXResourcesBuildPhase;
			buildActionMask = 2147483647;
			files = (
				63D3373C04EB0A6E63AFC3BC /* Assets.xcassets in Resources */,
			);
			runOnlyForDeploymentPostprocessing = 0;
		};
/* End PBXResourcesBuildPhase section */

/* Begin PBXSourcesBuildPhase section */
		1F104D658BA55E1F80CBE3F9 /* Sources */ = {
			isa = PBXSourcesBuildPhase;
			buildActionMask = 2147483647;
			files = (
				61A6CFE2724203545C711718 /* TuistAssets+Login.swift in Sources */,
				1EFD47ADF1CA0DC5FD887C88 /* TuistBundle+Login.swift in Sources */,
				8289F1C7BED6F345BF25B3BD /* SignInView.swift in Sources */,
				0E522FCF2C35AAB60012D453 /* SignInDemoApp.swift in Sources */,
				18F6B257AE95AEC7C3FFAF13 /* SignInWebView.swift in Sources */,
			);
			runOnlyForDeploymentPostprocessing = 0;
		};
/* End PBXSourcesBuildPhase section */

/* Begin XCBuildConfiguration section */
		4415BCB70220082B63C7F44A /* Release */ = {
			isa = XCBuildConfiguration;
			buildSettings = {
				CODE_SIGN_IDENTITY = "";
				CURRENT_PROJECT_VERSION = 1;
				DEFINES_MODULE = YES;
				DYLIB_COMPATIBILITY_VERSION = 1;
				DYLIB_CURRENT_VERSION = 1;
				DYLIB_INSTALL_NAME_BASE = "@rpath";
				INFOPLIST_FILE = "Derived/InfoPlists/Login-Info.plist";
				INSTALL_PATH = "$(LOCAL_LIBRARY_DIR)/Frameworks";
				IPHONEOS_DEPLOYMENT_TARGET = 15.0;
				LD_RUNPATH_SEARCH_PATHS = (
					"$(inherited)",
					"@executable_path/Frameworks",
					"@loader_path/Frameworks",
				);
				PRODUCT_BUNDLE_IDENTIFIER = "net.hejang.-4hane.login";
				PRODUCT_NAME = Login;
				SDKROOT = iphoneos;
				SKIP_INSTALL = YES;
				SUPPORTS_MACCATALYST = NO;
				SUPPORTS_MAC_DESIGNED_FOR_IPHONE_IPAD = YES;
				SUPPORTS_XR_DESIGNED_FOR_IPHONE_IPAD = NO;
				SWIFT_COMPILATION_MODE = wholemodule;
				SWIFT_OPTIMIZATION_LEVEL = "-Owholemodule";
				SWIFT_VERSION = 5.0;
				TARGETED_DEVICE_FAMILY = "1,2";
				VERSIONING_SYSTEM = "apple-generic";
				VERSION_INFO_PREFIX = "";
			};
			name = Release;
		};
		8C7F52C3942D2F7B7084C6A7 /* Debug */ = {
			isa = XCBuildConfiguration;
			buildSettings = {
				CODE_SIGN_IDENTITY = "";
				CURRENT_PROJECT_VERSION = 1;
				DEFINES_MODULE = YES;
				DYLIB_COMPATIBILITY_VERSION = 1;
				DYLIB_CURRENT_VERSION = 1;
				DYLIB_INSTALL_NAME_BASE = "@rpath";
				INFOPLIST_FILE = "Derived/InfoPlists/Login-Info.plist";
				INSTALL_PATH = "$(LOCAL_LIBRARY_DIR)/Frameworks";
				IPHONEOS_DEPLOYMENT_TARGET = 15.0;
				LD_RUNPATH_SEARCH_PATHS = (
					"$(inherited)",
					"@executable_path/Frameworks",
					"@loader_path/Frameworks",
				);
				PRODUCT_BUNDLE_IDENTIFIER = "net.hejang.-4hane.login";
				PRODUCT_NAME = Login;
				SDKROOT = iphoneos;
				SKIP_INSTALL = YES;
				SUPPORTS_MACCATALYST = NO;
				SUPPORTS_MAC_DESIGNED_FOR_IPHONE_IPAD = YES;
				SUPPORTS_XR_DESIGNED_FOR_IPHONE_IPAD = NO;
				SWIFT_ACTIVE_COMPILATION_CONDITIONS = "$(inherited) DEBUG";
				SWIFT_COMPILATION_MODE = singlefile;
				SWIFT_OPTIMIZATION_LEVEL = "-Onone";
				SWIFT_VERSION = 5.0;
				TARGETED_DEVICE_FAMILY = "1,2";
				VERSIONING_SYSTEM = "apple-generic";
				VERSION_INFO_PREFIX = "";
			};
			name = Debug;
		};
		94B293C2D19EE7C88D8E89AC /* Debug */ = {
			isa = XCBuildConfiguration;
			buildSettings = {
				ALWAYS_SEARCH_USER_PATHS = NO;
				CLANG_ANALYZER_LOCALIZABILITY_NONLOCALIZED = YES;
				CLANG_ANALYZER_NONNULL = YES;
				CLANG_ANALYZER_NUMBER_OBJECT_CONVERSION = YES_AGGRESSIVE;
				CLANG_CXX_LANGUAGE_STANDARD = "gnu++14";
				CLANG_CXX_LIBRARY = "libc++";
				CLANG_ENABLE_MODULES = YES;
				CLANG_ENABLE_OBJC_ARC = YES;
				CLANG_ENABLE_OBJC_WEAK = YES;
				CLANG_WARN_BLOCK_CAPTURE_AUTORELEASING = YES;
				CLANG_WARN_BOOL_CONVERSION = YES;
				CLANG_WARN_COMMA = YES;
				CLANG_WARN_CONSTANT_CONVERSION = YES;
				CLANG_WARN_DEPRECATED_OBJC_IMPLEMENTATIONS = YES;
				CLANG_WARN_DIRECT_OBJC_ISA_USAGE = YES_ERROR;
				CLANG_WARN_DOCUMENTATION_COMMENTS = YES;
				CLANG_WARN_EMPTY_BODY = YES;
				CLANG_WARN_ENUM_CONVERSION = YES;
				CLANG_WARN_INFINITE_RECURSION = YES;
				CLANG_WARN_INT_CONVERSION = YES;
				CLANG_WARN_NON_LITERAL_NULL_CONVERSION = YES;
				CLANG_WARN_OBJC_IMPLICIT_RETAIN_SELF = YES;
				CLANG_WARN_OBJC_LITERAL_CONVERSION = YES;
				CLANG_WARN_OBJC_ROOT_CLASS = YES_ERROR;
				CLANG_WARN_QUOTED_INCLUDE_IN_FRAMEWORK_HEADER = YES;
				CLANG_WARN_RANGE_LOOP_ANALYSIS = YES;
				CLANG_WARN_STRICT_PROTOTYPES = YES;
				CLANG_WARN_SUSPICIOUS_MOVE = YES;
				CLANG_WARN_UNGUARDED_AVAILABILITY = YES_AGGRESSIVE;
				CLANG_WARN_UNREACHABLE_CODE = YES;
				CLANG_WARN__DUPLICATE_METHOD_MATCH = YES;
				COPY_PHASE_STRIP = NO;
				DEAD_CODE_STRIPPING = YES;
				DEBUG_INFORMATION_FORMAT = dwarf;
				ENABLE_STRICT_OBJC_MSGSEND = YES;
				ENABLE_TESTABILITY = YES;
				GCC_C_LANGUAGE_STANDARD = gnu11;
				GCC_DYNAMIC_NO_PIC = NO;
				GCC_NO_COMMON_BLOCKS = YES;
				GCC_OPTIMIZATION_LEVEL = 0;
				GCC_PREPROCESSOR_DEFINITIONS = (
					"DEBUG=1",
					"$(inherited)",
				);
				GCC_WARN_64_TO_32_BIT_CONVERSION = YES;
				GCC_WARN_ABOUT_RETURN_TYPE = YES_ERROR;
				GCC_WARN_UNDECLARED_SELECTOR = YES;
				GCC_WARN_UNINITIALIZED_AUTOS = YES_AGGRESSIVE;
				GCC_WARN_UNUSED_FUNCTION = YES;
				GCC_WARN_UNUSED_VARIABLE = YES;
				MTL_ENABLE_DEBUG_INFO = YES;
				ONLY_ACTIVE_ARCH = YES;
				PRODUCT_NAME = "$(TARGET_NAME)";
			};
			name = Debug;
		};
		BC531DE985308C3E80C777AD /* Release */ = {
			isa = XCBuildConfiguration;
			buildSettings = {
				ALWAYS_SEARCH_USER_PATHS = NO;
				CLANG_ANALYZER_LOCALIZABILITY_NONLOCALIZED = YES;
				CLANG_ANALYZER_NONNULL = YES;
				CLANG_ANALYZER_NUMBER_OBJECT_CONVERSION = YES_AGGRESSIVE;
				CLANG_CXX_LANGUAGE_STANDARD = "gnu++14";
				CLANG_CXX_LIBRARY = "libc++";
				CLANG_ENABLE_MODULES = YES;
				CLANG_ENABLE_OBJC_ARC = YES;
				CLANG_ENABLE_OBJC_WEAK = YES;
				CLANG_WARN_BLOCK_CAPTURE_AUTORELEASING = YES;
				CLANG_WARN_BOOL_CONVERSION = YES;
				CLANG_WARN_COMMA = YES;
				CLANG_WARN_CONSTANT_CONVERSION = YES;
				CLANG_WARN_DEPRECATED_OBJC_IMPLEMENTATIONS = YES;
				CLANG_WARN_DIRECT_OBJC_ISA_USAGE = YES_ERROR;
				CLANG_WARN_DOCUMENTATION_COMMENTS = YES;
				CLANG_WARN_EMPTY_BODY = YES;
				CLANG_WARN_ENUM_CONVERSION = YES;
				CLANG_WARN_INFINITE_RECURSION = YES;
				CLANG_WARN_INT_CONVERSION = YES;
				CLANG_WARN_NON_LITERAL_NULL_CONVERSION = YES;
				CLANG_WARN_OBJC_IMPLICIT_RETAIN_SELF = YES;
				CLANG_WARN_OBJC_LITERAL_CONVERSION = YES;
				CLANG_WARN_OBJC_ROOT_CLASS = YES_ERROR;
				CLANG_WARN_QUOTED_INCLUDE_IN_FRAMEWORK_HEADER = YES;
				CLANG_WARN_RANGE_LOOP_ANALYSIS = YES;
				CLANG_WARN_STRICT_PROTOTYPES = YES;
				CLANG_WARN_SUSPICIOUS_MOVE = YES;
				CLANG_WARN_UNGUARDED_AVAILABILITY = YES_AGGRESSIVE;
				CLANG_WARN_UNREACHABLE_CODE = YES;
				CLANG_WARN__DUPLICATE_METHOD_MATCH = YES;
				COPY_PHASE_STRIP = NO;
				DEAD_CODE_STRIPPING = YES;
				DEBUG_INFORMATION_FORMAT = "dwarf-with-dsym";
				ENABLE_NS_ASSERTIONS = NO;
				ENABLE_STRICT_OBJC_MSGSEND = YES;
				GCC_C_LANGUAGE_STANDARD = gnu11;
				GCC_NO_COMMON_BLOCKS = YES;
				GCC_WARN_64_TO_32_BIT_CONVERSION = YES;
				GCC_WARN_ABOUT_RETURN_TYPE = YES_ERROR;
				GCC_WARN_UNDECLARED_SELECTOR = YES;
				GCC_WARN_UNINITIALIZED_AUTOS = YES_AGGRESSIVE;
				GCC_WARN_UNUSED_FUNCTION = YES;
				GCC_WARN_UNUSED_VARIABLE = YES;
				MTL_ENABLE_DEBUG_INFO = NO;
				PRODUCT_NAME = "$(TARGET_NAME)";
				VALIDATE_PRODUCT = YES;
			};
			name = Release;
		};
/* End XCBuildConfiguration section */

/* Begin XCConfigurationList section */
		6C10079AF94881EFE73379E4 /* Build configuration list for PBXProject "Login" */ = {
			isa = XCConfigurationList;
			buildConfigurations = (
				94B293C2D19EE7C88D8E89AC /* Debug */,
				BC531DE985308C3E80C777AD /* Release */,
			);
			defaultConfigurationIsVisible = 0;
			defaultConfigurationName = Release;
		};
		CF7F2616745712F48F4019C8 /* Build configuration list for PBXNativeTarget "Login" */ = {
			isa = XCConfigurationList;
			buildConfigurations = (
				8C7F52C3942D2F7B7084C6A7 /* Debug */,
				4415BCB70220082B63C7F44A /* Release */,
			);
			defaultConfigurationIsVisible = 0;
			defaultConfigurationName = Release;
		};
/* End XCConfigurationList section */
	};
	rootObject = 353B4020F35CB9C9FFC126AA /* Project object */;
}
