// !$*UTF8*$!
{
	archiveVersion = 1;
	classes = {
	};
	objectVersion = 55;
	objects = {

/* Begin PBXBuildFile section */
		1B218883F556CF360D6A3FBB /* TuistAssets+HaneCalendar.swift in Sources */ = {isa = PBXBuildFile; fileRef = E3567F7410E0230B2DA3F8C7 /* TuistAssets+HaneCalendar.swift */; };
		1F68C9B5EC01C677914EC54B /* HaneCalendar.framework in Frameworks */ = {isa = PBXBuildFile; fileRef = D9D5A260D491472603AD5B43 /* HaneCalendar.framework */; };
		2CA6303A3B46D3CEC35D1616 /* HaneCalendar.framework in Embed Frameworks */ = {isa = PBXBuildFile; fileRef = D9D5A260D491472603AD5B43 /* HaneCalendar.framework */; settings = {ATTRIBUTES = (CodeSignOnCopy, RemoveHeadersOnCopy, ); }; };
		408BD8AD32CE64432F359679 /* CalendarApp.swift in Sources */ = {isa = PBXBuildFile; fileRef = FBEB114A180A23E4E3C067F0 /* CalendarApp.swift */; };
		75AC5B9A5B9ED6A0D6A996D8 /* HaneCore.framework in Embed Frameworks */ = {isa = PBXBuildFile; fileRef = 100A69AEBAB4F3FBBB160D88 /* HaneCore.framework */; settings = {ATTRIBUTES = (CodeSignOnCopy, RemoveHeadersOnCopy, ); }; };
		A7008AAB7A124F8DA0773109 /* HaneCore.framework in Frameworks */ = {isa = PBXBuildFile; fileRef = 100A69AEBAB4F3FBBB160D88 /* HaneCore.framework */; };
		DD0F8B7F871A289CF6D4A1D5 /* Assets.xcassets in Resources */ = {isa = PBXBuildFile; fileRef = B4DF3EFACE079C8FEAAB49A7 /* Assets.xcassets */; };
		E84875B3FB0CEFA48F409FB1 /* TuistBundle+HaneCalendar.swift in Sources */ = {isa = PBXBuildFile; fileRef = 35B800B7C7DFBE6208F87960 /* TuistBundle+HaneCalendar.swift */; };
/* End PBXBuildFile section */

/* Begin PBXContainerItemProxy section */
		C2148768DEFA191C1EB65448 /* PBXContainerItemProxy */ = {
			isa = PBXContainerItemProxy;
			containerPortal = F983D32818CD4C598D61D334 /* Project object */;
			proxyType = 1;
			remoteGlobalIDString = EC10E4DEE5CE8A3373DEC670;
			remoteInfo = HaneCalendar;
		};
/* End PBXContainerItemProxy section */

/* Begin PBXCopyFilesBuildPhase section */
		186095AC557A2D1BF834C212 /* Embed Frameworks */ = {
			isa = PBXCopyFilesBuildPhase;
			buildActionMask = 2147483647;
			dstPath = "";
			dstSubfolderSpec = 10;
			files = (
			);
			name = "Embed Frameworks";
			runOnlyForDeploymentPostprocessing = 0;
		};
		5F26C55D068E256078608AF2 /* Embed Frameworks */ = {
			isa = PBXCopyFilesBuildPhase;
			buildActionMask = 2147483647;
			dstPath = "";
			dstSubfolderSpec = 10;
			files = (
				2CA6303A3B46D3CEC35D1616 /* HaneCalendar.framework in Embed Frameworks */,
				75AC5B9A5B9ED6A0D6A996D8 /* HaneCore.framework in Embed Frameworks */,
			);
			name = "Embed Frameworks";
			runOnlyForDeploymentPostprocessing = 0;
		};
/* End PBXCopyFilesBuildPhase section */

/* Begin PBXFileReference section */
		100A69AEBAB4F3FBBB160D88 /* HaneCore.framework */ = {isa = PBXFileReference; explicitFileType = wrapper.framework; includeInIndex = 0; path = HaneCore.framework; sourceTree = BUILT_PRODUCTS_DIR; };
		35B800B7C7DFBE6208F87960 /* TuistBundle+HaneCalendar.swift */ = {isa = PBXFileReference; lastKnownFileType = sourcecode.swift; path = "TuistBundle+HaneCalendar.swift"; sourceTree = "<group>"; };
		7722F369CE9F665203772EE8 /* CalendarDemo.app */ = {isa = PBXFileReference; explicitFileType = wrapper.application; includeInIndex = 0; path = CalendarDemo.app; sourceTree = BUILT_PRODUCTS_DIR; };
		B4DF3EFACE079C8FEAAB49A7 /* Assets.xcassets */ = {isa = PBXFileReference; lastKnownFileType = folder.assetcatalog; path = Assets.xcassets; sourceTree = "<group>"; };
		C38AE34A0E3FC453CA8DA6EF /* Info.plist */ = {isa = PBXFileReference; lastKnownFileType = text.plist; path = Info.plist; sourceTree = "<group>"; };
		D9D5A260D491472603AD5B43 /* HaneCalendar.framework */ = {isa = PBXFileReference; explicitFileType = wrapper.framework; includeInIndex = 0; path = HaneCalendar.framework; sourceTree = BUILT_PRODUCTS_DIR; };
		E3567F7410E0230B2DA3F8C7 /* TuistAssets+HaneCalendar.swift */ = {isa = PBXFileReference; lastKnownFileType = sourcecode.swift; path = "TuistAssets+HaneCalendar.swift"; sourceTree = "<group>"; };
		FBEB114A180A23E4E3C067F0 /* CalendarApp.swift */ = {isa = PBXFileReference; lastKnownFileType = sourcecode.swift; path = CalendarApp.swift; sourceTree = "<group>"; };
/* End PBXFileReference section */

/* Begin PBXFrameworksBuildPhase section */
		2203C53FBAFE037B251A896E /* Frameworks */ = {
			isa = PBXFrameworksBuildPhase;
			buildActionMask = 2147483647;
			files = (
				1F68C9B5EC01C677914EC54B /* HaneCalendar.framework in Frameworks */,
			);
			runOnlyForDeploymentPostprocessing = 0;
		};
		A714ABACD79BBF37598859D7 /* Frameworks */ = {
			isa = PBXFrameworksBuildPhase;
			buildActionMask = 2147483647;
			files = (
				A7008AAB7A124F8DA0773109 /* HaneCore.framework in Frameworks */,
			);
			runOnlyForDeploymentPostprocessing = 0;
		};
/* End PBXFrameworksBuildPhase section */

/* Begin PBXGroup section */
		00E47233D2E88CE7EB4B1C16 /* Demo */ = {
			isa = PBXGroup;
			children = (
				D78A1584C456BC99443A81E9 /* Sources */,
			);
			path = Demo;
			sourceTree = "<group>";
		};
		1E7B6FA10334C66E8F4977E8 /* Supports */ = {
			isa = PBXGroup;
			children = (
				C38AE34A0E3FC453CA8DA6EF /* Info.plist */,
			);
			name = Supports;
			path = ../../../Supports;
			sourceTree = "<group>";
		};
		2169EC2B8554352C8BCB71D9 = {
			isa = PBXGroup;
			children = (
				ECF9C52775E101B435C0727A /* Project */,
				A69B9BD51C173A951D56955E /* Products */,
			);
			sourceTree = "<group>";
		};
		2B8122BCB1C218697A445825 /* Derived */ = {
			isa = PBXGroup;
			children = (
				4C5BFD0BB692F3091AD03BF9 /* Sources */,
			);
			path = Derived;
			sourceTree = "<group>";
		};
		4C5BFD0BB692F3091AD03BF9 /* Sources */ = {
			isa = PBXGroup;
			children = (
				E3567F7410E0230B2DA3F8C7 /* TuistAssets+HaneCalendar.swift */,
				35B800B7C7DFBE6208F87960 /* TuistBundle+HaneCalendar.swift */,
			);
			path = Sources;
			sourceTree = "<group>";
		};
		75903001D42550E8B729ED5B /* Resources */ = {
			isa = PBXGroup;
			children = (
				B4DF3EFACE079C8FEAAB49A7 /* Assets.xcassets */,
			);
			path = Resources;
			sourceTree = "<group>";
		};
		A69B9BD51C173A951D56955E /* Products */ = {
			isa = PBXGroup;
			children = (
				7722F369CE9F665203772EE8 /* CalendarDemo.app */,
				D9D5A260D491472603AD5B43 /* HaneCalendar.framework */,
				100A69AEBAB4F3FBBB160D88 /* HaneCore.framework */,
			);
			name = Products;
			sourceTree = "<group>";
		};
		D78A1584C456BC99443A81E9 /* Sources */ = {
			isa = PBXGroup;
			children = (
				FBEB114A180A23E4E3C067F0 /* CalendarApp.swift */,
			);
			path = Sources;
			sourceTree = "<group>";
		};
		ECF9C52775E101B435C0727A /* Project */ = {
			isa = PBXGroup;
			children = (
				00E47233D2E88CE7EB4B1C16 /* Demo */,
				2B8122BCB1C218697A445825 /* Derived */,
				75903001D42550E8B729ED5B /* Resources */,
				1E7B6FA10334C66E8F4977E8 /* Supports */,
			);
			name = Project;
			sourceTree = "<group>";
		};
/* End PBXGroup section */

/* Begin PBXNativeTarget section */
		ADE348087BFEF15DAE1C0915 /* CalendarDemo */ = {
			isa = PBXNativeTarget;
			buildConfigurationList = F08BC351E08EE7EA5BF0F07F /* Build configuration list for PBXNativeTarget "CalendarDemo" */;
			buildPhases = (
				420A864E9A68E7DB22310B61 /* Sources */,
				41A72E7A15BBCAFA5C4ED46F /* Resources */,
				5F26C55D068E256078608AF2 /* Embed Frameworks */,
				2203C53FBAFE037B251A896E /* Frameworks */,
			);
			buildRules = (
			);
			dependencies = (
				65DBA347714A324CD5EA7992 /* PBXTargetDependency */,
			);
			name = CalendarDemo;
			productName = CalendarDemo;
			productReference = 7722F369CE9F665203772EE8 /* CalendarDemo.app */;
			productType = "com.apple.product-type.application";
		};
		EC10E4DEE5CE8A3373DEC670 /* HaneCalendar */ = {
			isa = PBXNativeTarget;
			buildConfigurationList = 3993FD25AB7F8395597FE005 /* Build configuration list for PBXNativeTarget "HaneCalendar" */;
			buildPhases = (
				6C910D73A08E2836E61586C2 /* Sources */,
				99D172C615FC92B778816CA3 /* Resources */,
				186095AC557A2D1BF834C212 /* Embed Frameworks */,
				A714ABACD79BBF37598859D7 /* Frameworks */,
			);
			buildRules = (
			);
			dependencies = (
			);
			name = HaneCalendar;
			productName = HaneCalendar;
			productReference = D9D5A260D491472603AD5B43 /* HaneCalendar.framework */;
			productType = "com.apple.product-type.framework";
		};
/* End PBXNativeTarget section */

/* Begin PBXProject section */
		F983D32818CD4C598D61D334 /* Project object */ = {
			isa = PBXProject;
			attributes = {
				BuildIndependentTargetsInParallel = YES;
				TargetAttributes = {
				};
			};
			buildConfigurationList = 88A36C03F983641E32F02C81 /* Build configuration list for PBXProject "HaneCalendar" */;
			compatibilityVersion = "Xcode 14.0";
			developmentRegion = en;
			hasScannedForEncodings = 0;
			knownRegions = (
				Base,
				en,
			);
			mainGroup = 2169EC2B8554352C8BCB71D9;
			productRefGroup = A69B9BD51C173A951D56955E /* Products */;
			projectDirPath = "";
			projectRoot = "";
			targets = (
				EC10E4DEE5CE8A3373DEC670 /* HaneCalendar */,
				ADE348087BFEF15DAE1C0915 /* CalendarDemo */,
			);
		};
/* End PBXProject section */

/* Begin PBXResourcesBuildPhase section */
		41A72E7A15BBCAFA5C4ED46F /* Resources */ = {
			isa = PBXResourcesBuildPhase;
			buildActionMask = 2147483647;
			files = (
			);
			runOnlyForDeploymentPostprocessing = 0;
		};
		99D172C615FC92B778816CA3 /* Resources */ = {
			isa = PBXResourcesBuildPhase;
			buildActionMask = 2147483647;
			files = (
				DD0F8B7F871A289CF6D4A1D5 /* Assets.xcassets in Resources */,
			);
			runOnlyForDeploymentPostprocessing = 0;
		};
/* End PBXResourcesBuildPhase section */

/* Begin PBXSourcesBuildPhase section */
		420A864E9A68E7DB22310B61 /* Sources */ = {
			isa = PBXSourcesBuildPhase;
			buildActionMask = 2147483647;
			files = (
				408BD8AD32CE64432F359679 /* CalendarApp.swift in Sources */,
			);
			runOnlyForDeploymentPostprocessing = 0;
		};
		6C910D73A08E2836E61586C2 /* Sources */ = {
			isa = PBXSourcesBuildPhase;
			buildActionMask = 2147483647;
			files = (
				1B218883F556CF360D6A3FBB /* TuistAssets+HaneCalendar.swift in Sources */,
				E84875B3FB0CEFA48F409FB1 /* TuistBundle+HaneCalendar.swift in Sources */,
			);
			runOnlyForDeploymentPostprocessing = 0;
		};
/* End PBXSourcesBuildPhase section */

/* Begin PBXTargetDependency section */
		65DBA347714A324CD5EA7992 /* PBXTargetDependency */ = {
			isa = PBXTargetDependency;
			name = HaneCalendar;
			target = EC10E4DEE5CE8A3373DEC670 /* HaneCalendar */;
			targetProxy = C2148768DEFA191C1EB65448 /* PBXContainerItemProxy */;
		};
/* End PBXTargetDependency section */

/* Begin XCBuildConfiguration section */
		065AF5882FC2172C398EBCE4 /* Release */ = {
			isa = XCBuildConfiguration;
			buildSettings = {
				CODE_SIGN_IDENTITY = "";
				CURRENT_PROJECT_VERSION = 1;
				DEFINES_MODULE = YES;
				DYLIB_COMPATIBILITY_VERSION = 1;
				DYLIB_CURRENT_VERSION = 1;
				DYLIB_INSTALL_NAME_BASE = "@rpath";
				INFOPLIST_FILE = ../../../Supports/Info.plist;
				INSTALL_PATH = "$(LOCAL_LIBRARY_DIR)/Frameworks";
				IPHONEOS_DEPLOYMENT_TARGET = 15.0;
				LD_RUNPATH_SEARCH_PATHS = (
					"$(inherited)",
					"@executable_path/Frameworks",
					"@loader_path/Frameworks",
				);
				PRODUCT_BUNDLE_IDENTIFIER = "net.hejang.-4hane.calendar";
				PRODUCT_NAME = HaneCalendar;
				SDKROOT = iphoneos;
				SKIP_INSTALL = YES;
				SUPPORTS_MACCATALYST = NO;
				SUPPORTS_MAC_DESIGNED_FOR_IPHONE_IPAD = YES;
				SUPPORTS_XR_DESIGNED_FOR_IPHONE_IPAD = NO;
				SWIFT_COMPILATION_MODE = wholemodule;
				SWIFT_OPTIMIZATION_LEVEL = "-Owholemodule";
				SWIFT_VERSION = 5.0;
				TARGETED_DEVICE_FAMILY = "1,2";
				VERSIONING_SYSTEM = "apple-generic";
				VERSION_INFO_PREFIX = "";
			};
			name = Release;
		};
		20A44CA0C653E7559457717D /* Release */ = {
			isa = XCBuildConfiguration;
			buildSettings = {
				ALWAYS_SEARCH_USER_PATHS = NO;
				CLANG_ANALYZER_LOCALIZABILITY_NONLOCALIZED = YES;
				CLANG_ANALYZER_NONNULL = YES;
				CLANG_ANALYZER_NUMBER_OBJECT_CONVERSION = YES_AGGRESSIVE;
				CLANG_CXX_LANGUAGE_STANDARD = "gnu++14";
				CLANG_CXX_LIBRARY = "libc++";
				CLANG_ENABLE_MODULES = YES;
				CLANG_ENABLE_OBJC_ARC = YES;
				CLANG_ENABLE_OBJC_WEAK = YES;
				CLANG_WARN_BLOCK_CAPTURE_AUTORELEASING = YES;
				CLANG_WARN_BOOL_CONVERSION = YES;
				CLANG_WARN_COMMA = YES;
				CLANG_WARN_CONSTANT_CONVERSION = YES;
				CLANG_WARN_DEPRECATED_OBJC_IMPLEMENTATIONS = YES;
				CLANG_WARN_DIRECT_OBJC_ISA_USAGE = YES_ERROR;
				CLANG_WARN_DOCUMENTATION_COMMENTS = YES;
				CLANG_WARN_EMPTY_BODY = YES;
				CLANG_WARN_ENUM_CONVERSION = YES;
				CLANG_WARN_INFINITE_RECURSION = YES;
				CLANG_WARN_INT_CONVERSION = YES;
				CLANG_WARN_NON_LITERAL_NULL_CONVERSION = YES;
				CLANG_WARN_OBJC_IMPLICIT_RETAIN_SELF = YES;
				CLANG_WARN_OBJC_LITERAL_CONVERSION = YES;
				CLANG_WARN_OBJC_ROOT_CLASS = YES_ERROR;
				CLANG_WARN_QUOTED_INCLUDE_IN_FRAMEWORK_HEADER = YES;
				CLANG_WARN_RANGE_LOOP_ANALYSIS = YES;
				CLANG_WARN_STRICT_PROTOTYPES = YES;
				CLANG_WARN_SUSPICIOUS_MOVE = YES;
				CLANG_WARN_UNGUARDED_AVAILABILITY = YES_AGGRESSIVE;
				CLANG_WARN_UNREACHABLE_CODE = YES;
				CLANG_WARN__DUPLICATE_METHOD_MATCH = YES;
				COPY_PHASE_STRIP = NO;
				DEAD_CODE_STRIPPING = YES;
				DEBUG_INFORMATION_FORMAT = "dwarf-with-dsym";
				ENABLE_NS_ASSERTIONS = NO;
				ENABLE_STRICT_OBJC_MSGSEND = YES;
				GCC_C_LANGUAGE_STANDARD = gnu11;
				GCC_NO_COMMON_BLOCKS = YES;
				GCC_WARN_64_TO_32_BIT_CONVERSION = YES;
				GCC_WARN_ABOUT_RETURN_TYPE = YES_ERROR;
				GCC_WARN_UNDECLARED_SELECTOR = YES;
				GCC_WARN_UNINITIALIZED_AUTOS = YES_AGGRESSIVE;
				GCC_WARN_UNUSED_FUNCTION = YES;
				GCC_WARN_UNUSED_VARIABLE = YES;
				MTL_ENABLE_DEBUG_INFO = NO;
				PRODUCT_NAME = "$(TARGET_NAME)";
				VALIDATE_PRODUCT = YES;
			};
			name = Release;
		};
		81A2C8DF08C4B2B0DB482964 /* Debug */ = {
			isa = XCBuildConfiguration;
			buildSettings = {
				ASSETCATALOG_COMPILER_APPICON_NAME = AppIcon;
				CODE_SIGN_IDENTITY = "iPhone Developer";
				ENABLE_PREVIEWS = YES;
				INFOPLIST_FILE = ../../../Supports/Info.plist;
				IPHONEOS_DEPLOYMENT_TARGET = 15.0;
				LD_RUNPATH_SEARCH_PATHS = (
					"$(inherited)",
					"@executable_path/Frameworks",
				);
				PRODUCT_BUNDLE_IDENTIFIER = "net.hejang.-4hane.calendarDemo";
				PRODUCT_NAME = CalendarDemo;
				SDKROOT = iphoneos;
				SUPPORTS_MACCATALYST = NO;
				SUPPORTS_MAC_DESIGNED_FOR_IPHONE_IPAD = YES;
				SUPPORTS_XR_DESIGNED_FOR_IPHONE_IPAD = NO;
				SWIFT_ACTIVE_COMPILATION_CONDITIONS = (
					"$(inherited)",
					DEBUG,
				);
				SWIFT_COMPILATION_MODE = singlefile;
				SWIFT_OPTIMIZATION_LEVEL = "-Onone";
				SWIFT_VERSION = 5.0;
				TARGETED_DEVICE_FAMILY = "1,2";
			};
			name = Debug;
		};
		E8C5F894412B2D0892A86F6E /* Release */ = {
			isa = XCBuildConfiguration;
			buildSettings = {
				ASSETCATALOG_COMPILER_APPICON_NAME = AppIcon;
				CODE_SIGN_IDENTITY = "iPhone Developer";
				ENABLE_PREVIEWS = YES;
				INFOPLIST_FILE = ../../../Supports/Info.plist;
				IPHONEOS_DEPLOYMENT_TARGET = 15.0;
				LD_RUNPATH_SEARCH_PATHS = (
					"$(inherited)",
					"@executable_path/Frameworks",
				);
				PRODUCT_BUNDLE_IDENTIFIER = "net.hejang.-4hane.calendarDemo";
				PRODUCT_NAME = CalendarDemo;
				SDKROOT = iphoneos;
				SUPPORTS_MACCATALYST = NO;
				SUPPORTS_MAC_DESIGNED_FOR_IPHONE_IPAD = YES;
				SUPPORTS_XR_DESIGNED_FOR_IPHONE_IPAD = NO;
				SWIFT_COMPILATION_MODE = wholemodule;
				SWIFT_OPTIMIZATION_LEVEL = "-Owholemodule";
				SWIFT_VERSION = 5.0;
				TARGETED_DEVICE_FAMILY = "1,2";
			};
			name = Release;
		};
		EF91A465C82CD724D38A145E /* Debug */ = {
			isa = XCBuildConfiguration;
			buildSettings = {
				ALWAYS_SEARCH_USER_PATHS = NO;
				CLANG_ANALYZER_LOCALIZABILITY_NONLOCALIZED = YES;
				CLANG_ANALYZER_NONNULL = YES;
				CLANG_ANALYZER_NUMBER_OBJECT_CONVERSION = YES_AGGRESSIVE;
				CLANG_CXX_LANGUAGE_STANDARD = "gnu++14";
				CLANG_CXX_LIBRARY = "libc++";
				CLANG_ENABLE_MODULES = YES;
				CLANG_ENABLE_OBJC_ARC = YES;
				CLANG_ENABLE_OBJC_WEAK = YES;
				CLANG_WARN_BLOCK_CAPTURE_AUTORELEASING = YES;
				CLANG_WARN_BOOL_CONVERSION = YES;
				CLANG_WARN_COMMA = YES;
				CLANG_WARN_CONSTANT_CONVERSION = YES;
				CLANG_WARN_DEPRECATED_OBJC_IMPLEMENTATIONS = YES;
				CLANG_WARN_DIRECT_OBJC_ISA_USAGE = YES_ERROR;
				CLANG_WARN_DOCUMENTATION_COMMENTS = YES;
				CLANG_WARN_EMPTY_BODY = YES;
				CLANG_WARN_ENUM_CONVERSION = YES;
				CLANG_WARN_INFINITE_RECURSION = YES;
				CLANG_WARN_INT_CONVERSION = YES;
				CLANG_WARN_NON_LITERAL_NULL_CONVERSION = YES;
				CLANG_WARN_OBJC_IMPLICIT_RETAIN_SELF = YES;
				CLANG_WARN_OBJC_LITERAL_CONVERSION = YES;
				CLANG_WARN_OBJC_ROOT_CLASS = YES_ERROR;
				CLANG_WARN_QUOTED_INCLUDE_IN_FRAMEWORK_HEADER = YES;
				CLANG_WARN_RANGE_LOOP_ANALYSIS = YES;
				CLANG_WARN_STRICT_PROTOTYPES = YES;
				CLANG_WARN_SUSPICIOUS_MOVE = YES;
				CLANG_WARN_UNGUARDED_AVAILABILITY = YES_AGGRESSIVE;
				CLANG_WARN_UNREACHABLE_CODE = YES;
				CLANG_WARN__DUPLICATE_METHOD_MATCH = YES;
				COPY_PHASE_STRIP = NO;
				DEAD_CODE_STRIPPING = YES;
				DEBUG_INFORMATION_FORMAT = dwarf;
				ENABLE_STRICT_OBJC_MSGSEND = YES;
				ENABLE_TESTABILITY = YES;
				GCC_C_LANGUAGE_STANDARD = gnu11;
				GCC_DYNAMIC_NO_PIC = NO;
				GCC_NO_COMMON_BLOCKS = YES;
				GCC_OPTIMIZATION_LEVEL = 0;
				GCC_PREPROCESSOR_DEFINITIONS = (
					"DEBUG=1",
					"$(inherited)",
				);
				GCC_WARN_64_TO_32_BIT_CONVERSION = YES;
				GCC_WARN_ABOUT_RETURN_TYPE = YES_ERROR;
				GCC_WARN_UNDECLARED_SELECTOR = YES;
				GCC_WARN_UNINITIALIZED_AUTOS = YES_AGGRESSIVE;
				GCC_WARN_UNUSED_FUNCTION = YES;
				GCC_WARN_UNUSED_VARIABLE = YES;
				MTL_ENABLE_DEBUG_INFO = YES;
				ONLY_ACTIVE_ARCH = YES;
				PRODUCT_NAME = "$(TARGET_NAME)";
			};
			name = Debug;
		};
		F02293CD373E8DF1952432F2 /* Debug */ = {
			isa = XCBuildConfiguration;
			buildSettings = {
				CODE_SIGN_IDENTITY = "";
				CURRENT_PROJECT_VERSION = 1;
				DEFINES_MODULE = YES;
				DYLIB_COMPATIBILITY_VERSION = 1;
				DYLIB_CURRENT_VERSION = 1;
				DYLIB_INSTALL_NAME_BASE = "@rpath";
				INFOPLIST_FILE = ../../../Supports/Info.plist;
				INSTALL_PATH = "$(LOCAL_LIBRARY_DIR)/Frameworks";
				IPHONEOS_DEPLOYMENT_TARGET = 15.0;
				LD_RUNPATH_SEARCH_PATHS = (
					"$(inherited)",
					"@executable_path/Frameworks",
					"@loader_path/Frameworks",
				);
				PRODUCT_BUNDLE_IDENTIFIER = "net.hejang.-4hane.calendar";
				PRODUCT_NAME = HaneCalendar;
				SDKROOT = iphoneos;
				SKIP_INSTALL = YES;
				SUPPORTS_MACCATALYST = NO;
				SUPPORTS_MAC_DESIGNED_FOR_IPHONE_IPAD = YES;
				SUPPORTS_XR_DESIGNED_FOR_IPHONE_IPAD = NO;
				SWIFT_ACTIVE_COMPILATION_CONDITIONS = (
					"$(inherited)",
					DEBUG,
				);
				SWIFT_COMPILATION_MODE = singlefile;
				SWIFT_OPTIMIZATION_LEVEL = "-Onone";
				SWIFT_VERSION = 5.0;
				TARGETED_DEVICE_FAMILY = "1,2";
				VERSIONING_SYSTEM = "apple-generic";
				VERSION_INFO_PREFIX = "";
			};
			name = Debug;
		};
/* End XCBuildConfiguration section */

/* Begin XCConfigurationList section */
		3993FD25AB7F8395597FE005 /* Build configuration list for PBXNativeTarget "HaneCalendar" */ = {
			isa = XCConfigurationList;
			buildConfigurations = (
				F02293CD373E8DF1952432F2 /* Debug */,
				065AF5882FC2172C398EBCE4 /* Release */,
			);
			defaultConfigurationIsVisible = 0;
			defaultConfigurationName = Release;
		};
		88A36C03F983641E32F02C81 /* Build configuration list for PBXProject "HaneCalendar" */ = {
			isa = XCConfigurationList;
			buildConfigurations = (
				EF91A465C82CD724D38A145E /* Debug */,
				20A44CA0C653E7559457717D /* Release */,
			);
			defaultConfigurationIsVisible = 0;
			defaultConfigurationName = Release;
		};
		F08BC351E08EE7EA5BF0F07F /* Build configuration list for PBXNativeTarget "CalendarDemo" */ = {
			isa = XCConfigurationList;
			buildConfigurations = (
				81A2C8DF08C4B2B0DB482964 /* Debug */,
				E8C5F894412B2D0892A86F6E /* Release */,
			);
			defaultConfigurationIsVisible = 0;
			defaultConfigurationName = Release;
		};
/* End XCConfigurationList section */
	};
	rootObject = F983D32818CD4C598D61D334 /* Project object */;
}
