// !$*UTF8*$!
{
	archiveVersion = 1;
	classes = {
	};
	objectVersion = 55;
	objects = {

/* Begin PBXBuildFile section */
		12BE36DE51D19B0992A4B3BE /* TuistBundle+NetworkTests.swift in Sources */ = {isa = PBXBuildFile; fileRef = CB47E1AA2438271F4793A2F9 /* TuistBundle+NetworkTests.swift */; };
		16AEEB02C6C80FFA2F2896C0 /* NetworkMonitoringManager.swift in Sources */ = {isa = PBXBuildFile; fileRef = 19AC08C58C447329B7B32803 /* NetworkMonitoringManager.swift */; };
		5B292F6362A091D04D4A4934 /* NetworkManager.swift in Sources */ = {isa = PBXBuildFile; fileRef = 4A039C137473CB29F0B2D166 /* NetworkManager.swift */; };
		5C0EABC6F364C98B4744B307 /* NetworkMonitoringManager.swift in Resources */ = {isa = PBXBuildFile; fileRef = E172AC837B86AF5E1FAC4DD4 /* NetworkMonitoringManager.swift */; };
		65FB362A109DCF4D38994CC0 /* NetworkManager.swift in Resources */ = {isa = PBXBuildFile; fileRef = 0FB94F02FD34698B55AF0B1E /* NetworkManager.swift */; };
		66BA4670D6493378260B05A6 /* NetworkManager.swift in Sources */ = {isa = PBXBuildFile; fileRef = 4A039C137473CB29F0B2D166 /* NetworkManager.swift */; };
		71DD9A2563710535D3B45567 /* TuistBundle+Network.swift in Sources */ = {isa = PBXBuildFile; fileRef = E4CFA29C7F11BC9D8755DDEF /* TuistBundle+Network.swift */; };
		7E27B0542365098B903851BA /* NetworkMonitoringManager.swift in Resources */ = {isa = PBXBuildFile; fileRef = E172AC837B86AF5E1FAC4DD4 /* NetworkMonitoringManager.swift */; };
		99AAB8B381984378DE837531 /* NetworkManager.swift in Resources */ = {isa = PBXBuildFile; fileRef = 0FB94F02FD34698B55AF0B1E /* NetworkManager.swift */; };
		C363B6118D795999651B0A90 /* NetworkMonitoringManager.swift in Sources */ = {isa = PBXBuildFile; fileRef = 19AC08C58C447329B7B32803 /* NetworkMonitoringManager.swift */; };
		EFB3BF708A14FDE66C8B09D9 /* Networks.framework in Frameworks */ = {isa = PBXBuildFile; fileRef = 9E27ED4FA2CB56FEC39887EA /* Networks.framework */; platformFilter = ios; };
/* End PBXBuildFile section */

/* Begin PBXContainerItemProxy section */
		74921912F3A49DD393D752BE /* PBXContainerItemProxy */ = {
			isa = PBXContainerItemProxy;
			containerPortal = CE30DA66E8F9024F4E5F5F22 /* Project object */;
			proxyType = 1;
			remoteGlobalIDString = A1AEBE67F28FC7607B2C411E;
			remoteInfo = Network;
		};
/* End PBXContainerItemProxy section */

/* Begin PBXCopyFilesBuildPhase section */
		1854DF020C1544F96D7445BF /* Embed Frameworks */ = {
			isa = PBXCopyFilesBuildPhase;
			buildActionMask = 2147483647;
			dstPath = "";
			dstSubfolderSpec = 10;
			files = (
			);
			name = "Embed Frameworks";
			runOnlyForDeploymentPostprocessing = 0;
		};
		25CC73EFCBFA850690E82C35 /* Embed Frameworks */ = {
			isa = PBXCopyFilesBuildPhase;
			buildActionMask = 2147483647;
			dstPath = "";
			dstSubfolderSpec = 10;
			files = (
			);
			name = "Embed Frameworks";
			runOnlyForDeploymentPostprocessing = 0;
		};
/* End PBXCopyFilesBuildPhase section */

/* Begin PBXFileReference section */
		0FB94F02FD34698B55AF0B1E /* NetworkManager.swift */ = {isa = PBXFileReference; lastKnownFileType = sourcecode.swift; path = NetworkManager.swift; sourceTree = "<group>"; };
		19AC08C58C447329B7B32803 /* NetworkMonitoringManager.swift */ = {isa = PBXFileReference; lastKnownFileType = sourcecode.swift; path = NetworkMonitoringManager.swift; sourceTree = "<group>"; };
		4A039C137473CB29F0B2D166 /* NetworkManager.swift */ = {isa = PBXFileReference; lastKnownFileType = sourcecode.swift; path = NetworkManager.swift; sourceTree = "<group>"; };
		9E27ED4FA2CB56FEC39887EA /* Networks.framework */ = {isa = PBXFileReference; explicitFileType = wrapper.framework; includeInIndex = 0; path = Networks.framework; sourceTree = BUILT_PRODUCTS_DIR; };
		A76942ED6226F5C8D94501B0 /* Info.plist */ = {isa = PBXFileReference; lastKnownFileType = text.plist; path = Info.plist; sourceTree = "<group>"; };
		CB47E1AA2438271F4793A2F9 /* TuistBundle+NetworkTests.swift */ = {isa = PBXFileReference; lastKnownFileType = sourcecode.swift; path = "TuistBundle+NetworkTests.swift"; sourceTree = "<group>"; };
		E172AC837B86AF5E1FAC4DD4 /* NetworkMonitoringManager.swift */ = {isa = PBXFileReference; lastKnownFileType = sourcecode.swift; path = NetworkMonitoringManager.swift; sourceTree = "<group>"; };
		E4CFA29C7F11BC9D8755DDEF /* TuistBundle+Network.swift */ = {isa = PBXFileReference; lastKnownFileType = sourcecode.swift; path = "TuistBundle+Network.swift"; sourceTree = "<group>"; };
		FEF8D6A1F2989443BD0A2218 /* NetworksTests.xctest */ = {isa = PBXFileReference; explicitFileType = wrapper.cfbundle; includeInIndex = 0; path = NetworksTests.xctest; sourceTree = BUILT_PRODUCTS_DIR; };
/* End PBXFileReference section */

/* Begin PBXFrameworksBuildPhase section */
		437591BC673FB1CC3BC2CEBC /* Frameworks */ = {
			isa = PBXFrameworksBuildPhase;
			buildActionMask = 2147483647;
			files = (
			);
			runOnlyForDeploymentPostprocessing = 0;
		};
		D4E73BBAFF38C9F70CF753D6 /* Frameworks */ = {
			isa = PBXFrameworksBuildPhase;
			buildActionMask = 2147483647;
			files = (
				EFB3BF708A14FDE66C8B09D9 /* Networks.framework in Frameworks */,
			);
			runOnlyForDeploymentPostprocessing = 0;
		};
/* End PBXFrameworksBuildPhase section */

/* Begin PBXGroup section */
		02580DB793A4AF93A42AA00C /* Sources */ = {
			isa = PBXGroup;
			children = (
				E4CFA29C7F11BC9D8755DDEF /* TuistBundle+Network.swift */,
				CB47E1AA2438271F4793A2F9 /* TuistBundle+NetworkTests.swift */,
			);
			path = Sources;
			sourceTree = "<group>";
		};
		25424697649C9F66AF152A0F /* Derived */ = {
			isa = PBXGroup;
			children = (
				02580DB793A4AF93A42AA00C /* Sources */,
			);
			path = Derived;
			sourceTree = "<group>";
		};
		45136B8DDE2D542E43FEAB3B = {
			isa = PBXGroup;
			children = (
				DA2A7B178B1FAD113C3DC944 /* Project */,
				E28E2C8DB194E60CF4C5EA44 /* Frameworks */,
				B02A4899222D2A1DA3F4A4FA /* Products */,
			);
			sourceTree = "<group>";
		};
		4AF6AF663B45EE64920E27DF /* Resources */ = {
			isa = PBXGroup;
			children = (
				0FB94F02FD34698B55AF0B1E /* NetworkManager.swift */,
				E172AC837B86AF5E1FAC4DD4 /* NetworkMonitoringManager.swift */,
			);
			path = Resources;
			sourceTree = "<group>";
		};
		86EE5E83306F6D80F93AB42F /* Sources */ = {
			isa = PBXGroup;
			children = (
				4A039C137473CB29F0B2D166 /* NetworkManager.swift */,
				19AC08C58C447329B7B32803 /* NetworkMonitoringManager.swift */,
			);
			path = Sources;
			sourceTree = "<group>";
		};
		8D23A4C725383E12C55C08FE /* HANE24 */ = {
			isa = PBXGroup;
			children = (
				A76942ED6226F5C8D94501B0 /* Info.plist */,
			);
			name = HANE24;
			path = ../../HANE24;
			sourceTree = "<group>";
		};
		B02A4899222D2A1DA3F4A4FA /* Products */ = {
			isa = PBXGroup;
			children = (
				9E27ED4FA2CB56FEC39887EA /* Networks.framework */,
				FEF8D6A1F2989443BD0A2218 /* NetworksTests.xctest */,
			);
			name = Products;
			sourceTree = "<group>";
		};
		DA2A7B178B1FAD113C3DC944 /* Project */ = {
			isa = PBXGroup;
			children = (
				25424697649C9F66AF152A0F /* Derived */,
				8D23A4C725383E12C55C08FE /* HANE24 */,
				4AF6AF663B45EE64920E27DF /* Resources */,
				86EE5E83306F6D80F93AB42F /* Sources */,
			);
			name = Project;
			sourceTree = "<group>";
		};
		E28E2C8DB194E60CF4C5EA44 /* Frameworks */ = {
			isa = PBXGroup;
			children = (
			);
			name = Frameworks;
			sourceTree = "<group>";
		};
/* End PBXGroup section */

/* Begin PBXNativeTarget section */
		802E8B11362B1C5C00136DF4 /* NetworksTests */ = {
			isa = PBXNativeTarget;
			buildConfigurationList = 379CEDB68CA75D0691C9BE7E /* Build configuration list for PBXNativeTarget "NetworksTests" */;
			buildPhases = (
				C165DA99FCC1F49503359338 /* Sources */,
				A7D53FE4853B57BE7FC2A40F /* Resources */,
				25CC73EFCBFA850690E82C35 /* Embed Frameworks */,
				D4E73BBAFF38C9F70CF753D6 /* Frameworks */,
			);
			buildRules = (
			);
			dependencies = (
				60EE529F107346FB590F83E5 /* PBXTargetDependency */,
			);
			name = NetworksTests;
			productName = NetworkTests;
			productReference = FEF8D6A1F2989443BD0A2218 /* NetworksTests.xctest */;
			productType = "com.apple.product-type.bundle.unit-test";
		};
		A1AEBE67F28FC7607B2C411E /* Networks */ = {
			isa = PBXNativeTarget;
			buildConfigurationList = AAE8D133E507755E98BE4D27 /* Build configuration list for PBXNativeTarget "Networks" */;
			buildPhases = (
				172C8586A0850CD6189763C2 /* Sources */,
				C03F7BC015EBF76D352BD749 /* Resources */,
				1854DF020C1544F96D7445BF /* Embed Frameworks */,
				437591BC673FB1CC3BC2CEBC /* Frameworks */,
			);
			buildRules = (
			);
			dependencies = (
			);
			name = Networks;
			productName = Network;
			productReference = 9E27ED4FA2CB56FEC39887EA /* Networks.framework */;
			productType = "com.apple.product-type.framework";
		};
/* End PBXNativeTarget section */

/* Begin PBXProject section */
		CE30DA66E8F9024F4E5F5F22 /* Project object */ = {
			isa = PBXProject;
			attributes = {
			};
			buildConfigurationList = EB691E6AAD04B88F092CB587 /* Build configuration list for PBXProject "Networks" */;
			compatibilityVersion = "Xcode 13.0";
			developmentRegion = en;
			hasScannedForEncodings = 0;
			knownRegions = (
				Base,
				en,
			);
			mainGroup = 45136B8DDE2D542E43FEAB3B;
			productRefGroup = B02A4899222D2A1DA3F4A4FA /* Products */;
			projectDirPath = "";
			projectRoot = "";
			targets = (
				A1AEBE67F28FC7607B2C411E /* Networks */,
				802E8B11362B1C5C00136DF4 /* NetworksTests */,
			);
		};
/* End PBXProject section */

/* Begin PBXResourcesBuildPhase section */
		A7D53FE4853B57BE7FC2A40F /* Resources */ = {
			isa = PBXResourcesBuildPhase;
			buildActionMask = 2147483647;
			files = (
				99AAB8B381984378DE837531 /* NetworkManager.swift in Resources */,
				5C0EABC6F364C98B4744B307 /* NetworkMonitoringManager.swift in Resources */,
			);
			runOnlyForDeploymentPostprocessing = 0;
		};
		C03F7BC015EBF76D352BD749 /* Resources */ = {
			isa = PBXResourcesBuildPhase;
			buildActionMask = 2147483647;
			files = (
				65FB362A109DCF4D38994CC0 /* NetworkManager.swift in Resources */,
				7E27B0542365098B903851BA /* NetworkMonitoringManager.swift in Resources */,
			);
			runOnlyForDeploymentPostprocessing = 0;
		};
/* End PBXResourcesBuildPhase section */

/* Begin PBXSourcesBuildPhase section */
		172C8586A0850CD6189763C2 /* Sources */ = {
			isa = PBXSourcesBuildPhase;
			buildActionMask = 2147483647;
			files = (
				71DD9A2563710535D3B45567 /* TuistBundle+Network.swift in Sources */,
				66BA4670D6493378260B05A6 /* NetworkManager.swift in Sources */,
				C363B6118D795999651B0A90 /* NetworkMonitoringManager.swift in Sources */,
			);
			runOnlyForDeploymentPostprocessing = 0;
		};
		C165DA99FCC1F49503359338 /* Sources */ = {
			isa = PBXSourcesBuildPhase;
			buildActionMask = 2147483647;
			files = (
				12BE36DE51D19B0992A4B3BE /* TuistBundle+NetworkTests.swift in Sources */,
				5B292F6362A091D04D4A4934 /* NetworkManager.swift in Sources */,
				16AEEB02C6C80FFA2F2896C0 /* NetworkMonitoringManager.swift in Sources */,
			);
			runOnlyForDeploymentPostprocessing = 0;
		};
/* End PBXSourcesBuildPhase section */

/* Begin PBXTargetDependency section */
		60EE529F107346FB590F83E5 /* PBXTargetDependency */ = {
			isa = PBXTargetDependency;
			name = Network;
			target = A1AEBE67F28FC7607B2C411E /* Networks */;
			targetProxy = 74921912F3A49DD393D752BE /* PBXContainerItemProxy */;
		};
/* End PBXTargetDependency section */

/* Begin XCBuildConfiguration section */
		04F3E82E7E9FD1D398CED439 /* Debug */ = {
			isa = XCBuildConfiguration;
			buildSettings = {
				CODE_SIGN_IDENTITY = "";
				CURRENT_PROJECT_VERSION = 1;
				DEFINES_MODULE = YES;
				DYLIB_COMPATIBILITY_VERSION = 1;
				DYLIB_CURRENT_VERSION = 1;
				DYLIB_INSTALL_NAME_BASE = "@rpath";
				INFOPLIST_FILE = ../../HANE24/Info.plist;
				INSTALL_PATH = "$(LOCAL_LIBRARY_DIR)/Frameworks";
				IPHONEOS_DEPLOYMENT_TARGET = 15.0;
				LD_RUNPATH_SEARCH_PATHS = (
					"$(inherited)",
					"@executable_path/Frameworks",
					"@loader_path/Frameworks",
				);
				PRODUCT_BUNDLE_IDENTIFIER = "net.hejang.-4HANE.Network";
				PRODUCT_NAME = Networks;
				SDKROOT = iphoneos;
				SKIP_INSTALL = YES;
				SUPPORTS_MACCATALYST = NO;
				SWIFT_ACTIVE_COMPILATION_CONDITIONS = DEBUG;
				SWIFT_COMPILATION_MODE = singlefile;
				SWIFT_OPTIMIZATION_LEVEL = "-Onone";
				SWIFT_VERSION = 5.10;
				TARGETED_DEVICE_FAMILY = 1;
				VERSIONING_SYSTEM = "apple-generic";
				VERSION_INFO_PREFIX = "";
			};
			name = Debug;
		};
		1D1388190647ED043AE809CC /* Release */ = {
			isa = XCBuildConfiguration;
			buildSettings = {
				CODE_SIGN_IDENTITY = "iPhone Developer";
				INFOPLIST_FILE = ../../HANE24/Info.plist;
				IPHONEOS_DEPLOYMENT_TARGET = 15.0;
				LD_RUNPATH_SEARCH_PATHS = (
					"$(inherited)",
					"@executable_path/Frameworks",
					"@loader_path/Frameworks",
				);
				PRODUCT_BUNDLE_IDENTIFIER = "net.hejang.-4HANE.Network";
				PRODUCT_NAME = NetworksTests;
				SDKROOT = iphoneos;
				SUPPORTS_MACCATALYST = NO;
				SWIFT_COMPILATION_MODE = wholemodule;
				SWIFT_OPTIMIZATION_LEVEL = "-Owholemodule";
				SWIFT_VERSION = 5.10;
				TARGETED_DEVICE_FAMILY = 1;
			};
			name = Release;
		};
		C0FC0233689340BAEE7828EF /* Release */ = {
			isa = XCBuildConfiguration;
			buildSettings = {
				CODE_SIGN_IDENTITY = "";
				CURRENT_PROJECT_VERSION = 1;
				DEFINES_MODULE = YES;
				DYLIB_COMPATIBILITY_VERSION = 1;
				DYLIB_CURRENT_VERSION = 1;
				DYLIB_INSTALL_NAME_BASE = "@rpath";
				INFOPLIST_FILE = ../../HANE24/Info.plist;
				INSTALL_PATH = "$(LOCAL_LIBRARY_DIR)/Frameworks";
				IPHONEOS_DEPLOYMENT_TARGET = 15.0;
				LD_RUNPATH_SEARCH_PATHS = (
					"$(inherited)",
					"@executable_path/Frameworks",
					"@loader_path/Frameworks",
				);
				PRODUCT_BUNDLE_IDENTIFIER = "net.hejang.-4HANE.Network";
				PRODUCT_NAME = Networks;
				SDKROOT = iphoneos;
				SKIP_INSTALL = YES;
				SUPPORTS_MACCATALYST = NO;
				SWIFT_COMPILATION_MODE = wholemodule;
				SWIFT_OPTIMIZATION_LEVEL = "-Owholemodule";
				SWIFT_VERSION = 5.10;
				TARGETED_DEVICE_FAMILY = 1;
				VERSIONING_SYSTEM = "apple-generic";
				VERSION_INFO_PREFIX = "";
			};
			name = Release;
		};
		E003F887272A2101EBD29D1F /* Debug */ = {
			isa = XCBuildConfiguration;
			buildSettings = {
				CODE_SIGN_IDENTITY = "iPhone Developer";
				INFOPLIST_FILE = ../../HANE24/Info.plist;
				IPHONEOS_DEPLOYMENT_TARGET = 15.0;
				LD_RUNPATH_SEARCH_PATHS = (
					"$(inherited)",
					"@executable_path/Frameworks",
					"@loader_path/Frameworks",
				);
				PRODUCT_BUNDLE_IDENTIFIER = "net.hejang.-4HANE.Network";
				PRODUCT_NAME = NetworksTests;
				SDKROOT = iphoneos;
				SUPPORTS_MACCATALYST = NO;
				SWIFT_ACTIVE_COMPILATION_CONDITIONS = DEBUG;
				SWIFT_COMPILATION_MODE = singlefile;
				SWIFT_OPTIMIZATION_LEVEL = "-Onone";
				SWIFT_VERSION = 5.10;
				TARGETED_DEVICE_FAMILY = 1;
			};
			name = Debug;
		};
		EC1CDA88B25D7972DF99B786 /* Debug */ = {
			isa = XCBuildConfiguration;
			buildSettings = {
				ALWAYS_SEARCH_USER_PATHS = NO;
				CLANG_ANALYZER_LOCALIZABILITY_NONLOCALIZED = YES;
				CLANG_ANALYZER_NONNULL = YES;
				CLANG_ANALYZER_NUMBER_OBJECT_CONVERSION = YES_AGGRESSIVE;
				CLANG_CXX_LANGUAGE_STANDARD = "gnu++14";
				CLANG_CXX_LIBRARY = "libc++";
				CLANG_ENABLE_MODULES = YES;
				CLANG_ENABLE_OBJC_ARC = YES;
				CLANG_ENABLE_OBJC_WEAK = YES;
				CLANG_WARN_BLOCK_CAPTURE_AUTORELEASING = YES;
				CLANG_WARN_BOOL_CONVERSION = YES;
				CLANG_WARN_COMMA = YES;
				CLANG_WARN_CONSTANT_CONVERSION = YES;
				CLANG_WARN_DEPRECATED_OBJC_IMPLEMENTATIONS = YES;
				CLANG_WARN_DIRECT_OBJC_ISA_USAGE = YES_ERROR;
				CLANG_WARN_DOCUMENTATION_COMMENTS = YES;
				CLANG_WARN_EMPTY_BODY = YES;
				CLANG_WARN_ENUM_CONVERSION = YES;
				CLANG_WARN_INFINITE_RECURSION = YES;
				CLANG_WARN_INT_CONVERSION = YES;
				CLANG_WARN_NON_LITERAL_NULL_CONVERSION = YES;
				CLANG_WARN_OBJC_IMPLICIT_RETAIN_SELF = YES;
				CLANG_WARN_OBJC_LITERAL_CONVERSION = YES;
				CLANG_WARN_OBJC_ROOT_CLASS = YES_ERROR;
				CLANG_WARN_QUOTED_INCLUDE_IN_FRAMEWORK_HEADER = YES;
				CLANG_WARN_RANGE_LOOP_ANALYSIS = YES;
				CLANG_WARN_STRICT_PROTOTYPES = YES;
				CLANG_WARN_SUSPICIOUS_MOVE = YES;
				CLANG_WARN_UNGUARDED_AVAILABILITY = YES_AGGRESSIVE;
				CLANG_WARN_UNREACHABLE_CODE = YES;
				CLANG_WARN__DUPLICATE_METHOD_MATCH = YES;
				COPY_PHASE_STRIP = NO;
				DEAD_CODE_STRIPPING = YES;
				DEBUG_INFORMATION_FORMAT = dwarf;
				ENABLE_STRICT_OBJC_MSGSEND = YES;
				ENABLE_TESTABILITY = YES;
				GCC_C_LANGUAGE_STANDARD = gnu11;
				GCC_DYNAMIC_NO_PIC = NO;
				GCC_NO_COMMON_BLOCKS = YES;
				GCC_OPTIMIZATION_LEVEL = 0;
				GCC_PREPROCESSOR_DEFINITIONS = (
					"DEBUG=1",
					"$(inherited)",
				);
				GCC_WARN_64_TO_32_BIT_CONVERSION = YES;
				GCC_WARN_ABOUT_RETURN_TYPE = YES_ERROR;
				GCC_WARN_UNDECLARED_SELECTOR = YES;
				GCC_WARN_UNINITIALIZED_AUTOS = YES_AGGRESSIVE;
				GCC_WARN_UNUSED_FUNCTION = YES;
				GCC_WARN_UNUSED_VARIABLE = YES;
				MTL_ENABLE_DEBUG_INFO = YES;
				ONLY_ACTIVE_ARCH = YES;
				PRODUCT_NAME = "$(TARGET_NAME)";
			};
			name = Debug;
		};
		F7289CD4700EAB402DCE2DAD /* Release */ = {
			isa = XCBuildConfiguration;
			buildSettings = {
				ALWAYS_SEARCH_USER_PATHS = NO;
				CLANG_ANALYZER_LOCALIZABILITY_NONLOCALIZED = YES;
				CLANG_ANALYZER_NONNULL = YES;
				CLANG_ANALYZER_NUMBER_OBJECT_CONVERSION = YES_AGGRESSIVE;
				CLANG_CXX_LANGUAGE_STANDARD = "gnu++14";
				CLANG_CXX_LIBRARY = "libc++";
				CLANG_ENABLE_MODULES = YES;
				CLANG_ENABLE_OBJC_ARC = YES;
				CLANG_ENABLE_OBJC_WEAK = YES;
				CLANG_WARN_BLOCK_CAPTURE_AUTORELEASING = YES;
				CLANG_WARN_BOOL_CONVERSION = YES;
				CLANG_WARN_COMMA = YES;
				CLANG_WARN_CONSTANT_CONVERSION = YES;
				CLANG_WARN_DEPRECATED_OBJC_IMPLEMENTATIONS = YES;
				CLANG_WARN_DIRECT_OBJC_ISA_USAGE = YES_ERROR;
				CLANG_WARN_DOCUMENTATION_COMMENTS = YES;
				CLANG_WARN_EMPTY_BODY = YES;
				CLANG_WARN_ENUM_CONVERSION = YES;
				CLANG_WARN_INFINITE_RECURSION = YES;
				CLANG_WARN_INT_CONVERSION = YES;
				CLANG_WARN_NON_LITERAL_NULL_CONVERSION = YES;
				CLANG_WARN_OBJC_IMPLICIT_RETAIN_SELF = YES;
				CLANG_WARN_OBJC_LITERAL_CONVERSION = YES;
				CLANG_WARN_OBJC_ROOT_CLASS = YES_ERROR;
				CLANG_WARN_QUOTED_INCLUDE_IN_FRAMEWORK_HEADER = YES;
				CLANG_WARN_RANGE_LOOP_ANALYSIS = YES;
				CLANG_WARN_STRICT_PROTOTYPES = YES;
				CLANG_WARN_SUSPICIOUS_MOVE = YES;
				CLANG_WARN_UNGUARDED_AVAILABILITY = YES_AGGRESSIVE;
				CLANG_WARN_UNREACHABLE_CODE = YES;
				CLANG_WARN__DUPLICATE_METHOD_MATCH = YES;
				COPY_PHASE_STRIP = NO;
				DEAD_CODE_STRIPPING = YES;
				DEBUG_INFORMATION_FORMAT = "dwarf-with-dsym";
				ENABLE_NS_ASSERTIONS = NO;
				ENABLE_STRICT_OBJC_MSGSEND = YES;
				GCC_C_LANGUAGE_STANDARD = gnu11;
				GCC_NO_COMMON_BLOCKS = YES;
				GCC_WARN_64_TO_32_BIT_CONVERSION = YES;
				GCC_WARN_ABOUT_RETURN_TYPE = YES_ERROR;
				GCC_WARN_UNDECLARED_SELECTOR = YES;
				GCC_WARN_UNINITIALIZED_AUTOS = YES_AGGRESSIVE;
				GCC_WARN_UNUSED_FUNCTION = YES;
				GCC_WARN_UNUSED_VARIABLE = YES;
				MTL_ENABLE_DEBUG_INFO = NO;
				PRODUCT_NAME = "$(TARGET_NAME)";
				VALIDATE_PRODUCT = YES;
			};
			name = Release;
		};
/* End XCBuildConfiguration section */

/* Begin XCConfigurationList section */
		379CEDB68CA75D0691C9BE7E /* Build configuration list for PBXNativeTarget "NetworksTests" */ = {
			isa = XCConfigurationList;
			buildConfigurations = (
				E003F887272A2101EBD29D1F /* Debug */,
				1D1388190647ED043AE809CC /* Release */,
			);
			defaultConfigurationIsVisible = 0;
			defaultConfigurationName = Release;
		};
		AAE8D133E507755E98BE4D27 /* Build configuration list for PBXNativeTarget "Networks" */ = {
			isa = XCConfigurationList;
			buildConfigurations = (
				04F3E82E7E9FD1D398CED439 /* Debug */,
				C0FC0233689340BAEE7828EF /* Release */,
			);
			defaultConfigurationIsVisible = 0;
			defaultConfigurationName = Release;
		};
		EB691E6AAD04B88F092CB587 /* Build configuration list for PBXProject "Networks" */ = {
			isa = XCConfigurationList;
			buildConfigurations = (
				EC1CDA88B25D7972DF99B786 /* Debug */,
				F7289CD4700EAB402DCE2DAD /* Release */,
			);
			defaultConfigurationIsVisible = 0;
			defaultConfigurationName = Release;
		};
/* End XCConfigurationList section */
	};
	rootObject = CE30DA66E8F9024F4E5F5F22 /* Project object */;
}
