<?xml version="1.0" encoding="UTF-8"?>
<Scheme
   LastUpgradeVersion = "1510"
   wasCreatedForAppExtension = "YES"
   version = "2.0">
   <BuildAction
      parallelizeBuildables = "YES"
      buildImplicitDependencies = "YES">
      <BuildActionEntries>
         <BuildActionEntry
            buildForTesting = "YES"
            buildForRunning = "YES"
            buildForProfiling = "YES"
            buildForArchiving = "YES"
            buildForAnalyzing = "YES">
            <BuildableReference
               BuildableIdentifier = "primary"
               BlueprintIdentifier = "0E1654EE299A285B001E5EED"
               BuildableName = "24HANE.app"
               BlueprintName = "24HANE"
               ReferencedContainer = "container:HANE24.xcodeproj">
            </BuildableReference>
         </BuildActionEntry>
         <BuildActionEntry
            buildForTesting = "YES"
            buildForRunning = "YES"
            buildForProfiling = "YES"
            buildForArchiving = "YES"
            buildForAnalyzing = "YES">
            <BuildableReference
               BuildableIdentifier = "primary"
               BlueprintIdentifier = "0ED6E3E02B354D310026E69D"
               BuildableName = "HANE24WidgetExtension.appex"
               BlueprintName = "HANE24WidgetExtension"
               ReferencedContainer = "container:HANE24.xcodeproj">
            </BuildableReference>
         </BuildActionEntry>
      </BuildActionEntries>
   </BuildAction>
   <TestAction
      buildConfiguration = "Debug"
      selectedDebuggerIdentifier = "Xcode.DebuggerFoundation.Debugger.LLDB"
      selectedLauncherIdentifier = "Xcode.DebuggerFoundation.Launcher.LLDB"
      shouldUseLaunchSchemeArgsEnv = "YES"
      shouldAutocreateTestPlan = "YES">
      <Testables>
         <TestableReference
            skipped = "NO"
            parallelizable = "YES">
            <BuildableReference
               BuildableIdentifier = "primary"
               BlueprintIdentifier = "D65909E52B95D8E4005A1396"
               BuildableName = "HaneTest.xctest"
               BlueprintName = "HaneTest"
               ReferencedContainer = "container:HANE24.xcodeproj">
            </BuildableReference>
         </TestableReference>
         <TestableReference
            skipped = "NO"
            parallelizable = "YES">
            <BuildableReference
               BuildableIdentifier = "primary"
               BlueprintIdentifier = "D6351C7A2B94C3D8006B22CD"
               BuildableName = "HaneCalendarTest.xctest"
               BlueprintName = "HaneCalendarTest"
               ReferencedContainer = "container:HANE24.xcodeproj">
            </BuildableReference>
         </TestableReference>
         <TestableReference
            skipped = "NO"
            parallelizable = "YES">
            <BuildableReference
               BuildableIdentifier = "primary"
               BlueprintIdentifier = "D646BD082B95DCD500ED631E"
               BuildableName = "HANE24Test.xctest"
               BlueprintName = "HANE24Test"
               ReferencedContainer = "container:HANE24.xcodeproj">
            </BuildableReference>
         </TestableReference>
         <TestableReference
            skipped = "NO"
            parallelizable = "YES">
            <BuildableReference
               BuildableIdentifier = "primary"
               BlueprintIdentifier = "D677B6D72B9B1B3100DEC3EF"
               BuildableName = "HANE24UITests.xctest"
               BlueprintName = "HANE24UITests"
               ReferencedContainer = "container:HANE24.xcodeproj">
            </BuildableReference>
         </TestableReference>
      </Testables>
   </TestAction>
   <LaunchAction
      buildConfiguration = "Debug"
      selectedDebuggerIdentifier = ""
      selectedLauncherIdentifier = "Xcode.IDEFoundation.Launcher.PosixSpawn"
      launchStyle = "0"
      askForAppToLaunch = "Yes"
      useCustomWorkingDirectory = "NO"
      ignoresPersistentStateOnLaunch = "NO"
      debugDocumentVersioning = "YES"
      debugServiceExtension = "internal"
      allowLocationSimulation = "YES"
      launchAutomaticallySubstyle = "2">
      <RemoteRunnable
         runnableDebuggingMode = "2"
         BundleIdentifier = "com.apple.springboard">
         <BuildableReference
            BuildableIdentifier = "primary"
            BlueprintIdentifier = "0ED6E3E02B354D310026E69D"
            BuildableName = "HANE24WidgetExtension.appex"
            BlueprintName = "HANE24WidgetExtension"
            ReferencedContainer = "container:HANE24.xcodeproj">
         </BuildableReference>
      </RemoteRunnable>
      <MacroExpansion>
         <BuildableReference
            BuildableIdentifier = "primary"
            BlueprintIdentifier = "0E1654EE299A285B001E5EED"
            BuildableName = "24HANE.app"
            BlueprintName = "24HANE"
            ReferencedContainer = "container:HANE24.xcodeproj">
         </BuildableReference>
      </MacroExpansion>
      <EnvironmentVariables>
         <EnvironmentVariable
            key = "_XCWidgetKind"
            value = ""
            isEnabled = "YES">
         </EnvironmentVariable>
         <EnvironmentVariable
            key = "_XCWidgetDefaultView"
            value = "timeline"
            isEnabled = "YES">
         </EnvironmentVariable>
         <EnvironmentVariable
            key = "_XCWidgetFamily"
            value = "systemSmall"
            isEnabled = "YES">
         </EnvironmentVariable>
      </EnvironmentVariables>
   </LaunchAction>
   <ProfileAction
      buildConfiguration = "Release"
      shouldUseLaunchSchemeArgsEnv = "YES"
      savedToolIdentifier = ""
      useCustomWorkingDirectory = "NO"
      debugDocumentVersioning = "YES"
      askForAppToLaunch = "Yes"
      launchAutomaticallySubstyle = "2">
      <BuildableProductRunnable
         runnableDebuggingMode = "0">
         <BuildableReference
            BuildableIdentifier = "primary"
            BlueprintIdentifier = "0E1654EE299A285B001E5EED"
            BuildableName = "24HANE.app"
            BlueprintName = "24HANE"
            ReferencedContainer = "container:HANE24.xcodeproj">
         </BuildableReference>
      </BuildableProductRunnable>
   </ProfileAction>
   <AnalyzeAction
      buildConfiguration = "Debug">
   </AnalyzeAction>
   <ArchiveAction
      buildConfiguration = "Release"
      revealArchiveInOrganizer = "YES">
   </ArchiveAction>
</Scheme>
